lockfileVersion: 5.3

specifiers:
  "@types/github-slugger": ^1.3.0
  "@types/node": ^17.0.31
  csv: ^6.0.5
  date-fns: ^2.28.0
  github-slugger: ^1.4.0
  node-html-markdown: ^1.2.0

dependencies:
  csv: 6.0.5
  date-fns: 2.28.0
  github-slugger: 1.4.0
  node-html-markdown: 1.2.0

devDependencies:
  "@types/github-slugger": 1.3.0
  "@types/node": 17.0.31

packages:
  /@types/github-slugger/1.3.0:
    resolution:
      {
        integrity: sha512-J/rMZa7RqiH/rT29TEVZO4nBoDP9XJOjnbbIofg7GQKs4JIduEO3WLpte+6WeUz/TcrXKlY+bM7FYrp8yFB+3g==,
      }
    dev: true

  /@types/node/17.0.31:
    resolution:
      {
        integrity: sha512-AR0x5HbXGqkEx9CadRH3EBYx/VkiUgZIhP4wvPn/+5KIsgpNoyFaRlVe0Zlx9gRtg8fA06a9tskE2MSN7TcG4Q==,
      }
    dev: true

  /boolbase/1.0.0:
    resolution: { integrity: sha1-aN/1++YMUes3cl6p4+0xDcwed24= }
    dev: false

  /css-select/4.3.0:
    resolution:
      {
        integrity: sha512-wPpOYtnsVontu2mODhA19JrqWxNsfdatRKd64kmpRbQgh1KtItko5sTnEpPdpSaJszTOhEMlF/RPz28qj4HqhQ==,
      }
    dependencies:
      boolbase: 1.0.0
      css-what: 6.1.0
      domhandler: 4.3.1
      domutils: 2.8.0
      nth-check: 2.0.1
    dev: false

  /css-what/6.1.0:
    resolution:
      {
        integrity: sha512-HTUrgRJ7r4dsZKU6GjmpfRK1O76h97Z8MfS1G0FozR+oF2kG6Vfe8JE6zwrkbxigziPHinCJ+gCPjA9EaBDtRw==,
      }
    engines: { node: ">= 6" }
    dev: false

  /csv-generate/4.0.4:
    resolution:
      {
        integrity: sha512-6/0FOBbF4O+EBSAYsfOXBjIFhyPpfeeeuWEM4XJQhc/6TvDDL9AGFQNPh2SKlFx7VYERBDmZAWnITgaa+z4BJA==,
      }
    dev: false

  /csv-parse/5.0.4:
    resolution:
      {
        integrity: sha512-5AIdl8l6n3iYQYxan5djB5eKDa+vBnhfWZtRpJTcrETWfVLYN0WSj3L9RwvgYt+psoO77juUr8TG8qpfGZifVQ==,
      }
    dev: false

  /csv-stringify/6.0.5:
    resolution:
      {
        integrity: sha512-7xpV3uweJCFF/Ssn56l3xsR/k2r3UqszwjEhej9qEn2cCPzyK1WyHCgoUVzBA792x8HbwonNX7CU9XM2K5s5yw==,
      }
    dev: false

  /csv/6.0.5:
    resolution:
      {
        integrity: sha512-VyII851P4BvzMsXenhtR7g3mARmZ3HvBX16PD85E8IOoxyvNT9e74egbfdkYBj5SGHh1LphCWXeQvskijH+kfg==,
      }
    engines: { node: ">= 0.1.90" }
    dependencies:
      csv-generate: 4.0.4
      csv-parse: 5.0.4
      csv-stringify: 6.0.5
      stream-transform: 3.0.4
    dev: false

  /date-fns/2.28.0:
    resolution:
      {
        integrity: sha512-8d35hViGYx/QH0icHYCeLmsLmMUheMmTyV9Fcm6gvNwdw31yXXH+O85sOBJ+OLnLQMKZowvpKb6FgMIQjcpvQw==,
      }
    engines: { node: ">=0.11" }
    dev: false

  /dom-serializer/1.4.1:
    resolution:
      {
        integrity: sha512-VHwB3KfrcOOkelEG2ZOfxqLZdfkil8PtJi4P8N2MMXucZq2yLp75ClViUlOVwyoHEDjYU433Aq+5zWP61+RGag==,
      }
    dependencies:
      domelementtype: 2.3.0
      domhandler: 4.3.1
      entities: 2.2.0
    dev: false

  /domelementtype/2.3.0:
    resolution:
      {
        integrity: sha512-OLETBj6w0OsagBwdXnPdN0cnMfF9opN69co+7ZrbfPGrdpPVNBUj02spi6B1N7wChLQiPn4CSH/zJvXw56gmHw==,
      }
    dev: false

  /domhandler/4.3.1:
    resolution:
      {
        integrity: sha512-GrwoxYN+uWlzO8uhUXRl0P+kHE4GtVPfYzVLcUxPL7KNdHKj66vvlhiweIHqYYXWlw+T8iLMp42Lm67ghw4WMQ==,
      }
    engines: { node: ">= 4" }
    dependencies:
      domelementtype: 2.3.0
    dev: false

  /domutils/2.8.0:
    resolution:
      {
        integrity: sha512-w96Cjofp72M5IIhpjgobBimYEfoPjx1Vx0BSX9P30WBdZW2WIKU0T1Bd0kz2eNZ9ikjKgHbEyKx8BB6H1L3h3A==,
      }
    dependencies:
      dom-serializer: 1.4.1
      domelementtype: 2.3.0
      domhandler: 4.3.1
    dev: false

  /entities/2.2.0:
    resolution:
      {
        integrity: sha512-p92if5Nz619I0w+akJrLZH0MX0Pb5DX39XOwQTtXSdQQOaYH03S1uIQp4mhOZtAXrxq4ViO67YTiLBo2638o9A==,
      }
    dev: false

  /github-slugger/1.4.0:
    resolution:
      {
        integrity: sha512-w0dzqw/nt51xMVmlaV1+JRzN+oCa1KfcgGEWhxUG16wbdA+Xnt/yoFO8Z8x/V82ZcZ0wy6ln9QDup5avbhiDhQ==,
      }
    dev: false

  /he/1.2.0:
    resolution:
      {
        integrity: sha512-F/1DnUGPopORZi0ni+CvrCgHQ5FyEAHRLSApuYWMmrbSwoN2Mn/7k+Gl38gJnR7yyDZk6WLXwiGod1JOWNDKGw==,
      }
    hasBin: true
    dev: false

  /node-html-markdown/1.2.0:
    resolution:
      {
        integrity: sha512-mGA53bSqo7j62PjmMuFPdO0efNT9pqiGYhQTNVCWkY7PdduRIECJF7n7NOrr5cb+d/js1GdYRLpoTYDwawRk6A==,
      }
    engines: { node: ">=10.0.0" }
    dependencies:
      node-html-parser: 5.3.3
    dev: false

  /node-html-parser/5.3.3:
    resolution:
      {
        integrity: sha512-ncg1033CaX9UexbyA7e1N0aAoAYRDiV8jkTvzEnfd1GDvzFdrsXLzR4p4ik8mwLgnaKP/jyUFWDy9q3jvRT2Jw==,
      }
    dependencies:
      css-select: 4.3.0
      he: 1.2.0
    dev: false

  /nth-check/2.0.1:
    resolution:
      {
        integrity: sha512-it1vE95zF6dTT9lBsYbxvqh0Soy4SPowchj0UBGj/V6cTPnXXtQOPUbhZ6CmGzAD/rW22LQK6E96pcdJXk4A4w==,
      }
    dependencies:
      boolbase: 1.0.0
    dev: false

  /stream-transform/3.0.4:
    resolution:
      {
        integrity: sha512-g2jbk1hs3GiF3oHZLbR7Fph/PXh/3xHoz/D8aR2oHySE4xVUvNeTGqihhb1vxFjYyu4inqiTfT42g2MHBjjx0g==,
      }
    dev: false
